
Microsoft Visual Studio Solution File, Format Version 12.00
# Visual Studio Version 17
VisualStudioVersion = 17.6.33723.286
MinimumVisualStudioVersion = 10.0.40219.1
Project("{FAE04EC0-301F-11D3-BF4B-00C04F79EFBC}") = "RabbitMQSender", "RabbitMQSender\RabbitMQSender.csproj", "{1521A54E-70C7-4656-BDBA-49B3F7A188EE}"
EndProject
Global
	GlobalSection(SolutionConfigurationPlatforms) = preSolution
		Debug|Any CPU = Debug|Any CPU
		Release|Any CPU = Release|Any CPU
	EndGlobalSection
	GlobalSection(ProjectConfigurationPlatforms) = postSolution
		{1521A54E-70C7-4656-BDBA-49B3F7A188EE}.Debug|Any CPU.ActiveCfg = Debug|Any CPU
		{1521A54E-70C7-4656-BDBA-49B3F7A188EE}.Debug|Any CPU.Build.0 = Debug|Any CPU
		{1521A54E-70C7-4656-BDBA-49B3F7A188EE}.Release|Any CPU.ActiveCfg = Release|Any CPU
		{1521A54E-70C7-4656-BDBA-49B3F7A188EE}.Release|Any CPU.Build.0 = Release|Any CPU
	EndGlobalSection
	GlobalSection(SolutionProperties) = preSolution
		HideSolutionNode = FALSE
	EndGlobalSection
	GlobalSection(ExtensibilityGlobals) = postSolution
		SolutionGuid = {91FE619C-370F-4DFA-96E3-B37F5E80E375}
	EndGlobalSection
EndGlobal
